# This file was autogenerated by Stack.
# You should not edit this file by hand.
# For more information, please see the documentation at:
#   https://docs.haskellstack.org/en/stable/lock_files

packages: []
snapshots:
- completed:
    size: 514021
    url: https://raw.githubusercontent.com/commercialhaskell/stackage-snapshots/master/nightly/2020/4/15.yaml
    sha256: 00195431be604134c12cceb60eaf5cadd098446f0537f55524b3875c018a24c3
  original: nightly-2020-04-15
