# This file was autogenerated by Stack.
# You should not edit this file by hand.
# For more information, please see the documentation at:
#   https://docs.haskellstack.org/en/stable/lock_files

packages:
- completed:
    hackage: MissingH-1.4.3.0@sha256:7136282773f7b3e7ce3af856b41dde98a04f9b03c51813c98d040fc060dcaa53,4650
    pantry-tree:
      size: 5271
      sha256: b8e1b8f04bde976538303752932ad6a9ada1eacaa1c28fdb514022fc62be80d6
  original:
    hackage: MissingH-1.4.3.0@sha256:7136282773f7b3e7ce3af856b41dde98a04f9b03c51813c98d040fc060dcaa53
snapshots:
- completed:
    size: 514021
    url: https://raw.githubusercontent.com/commercialhaskell/stackage-snapshots/master/nightly/2020/4/15.yaml
    sha256: 00195431be604134c12cceb60eaf5cadd098446f0537f55524b3875c018a24c3
  original: nightly-2020-04-15
