# This file was autogenerated by Stack.
# You should not edit this file by hand.
# For more information, please see the documentation at:
#   https://docs.haskellstack.org/en/stable/lock_files

packages: []
snapshots:
- completed:
    sha256: 04c9d37f2a00c2bd51bf6b25eb98872059bc58f225d50b5f306ac58f760a178c
    size: 680567
    url: https://raw.githubusercontent.com/commercialhaskell/stackage-snapshots/master/lts/23/9.yaml
  original: lts-23.9
